// !$*UTF8*$!
{
	archiveVersion = 1;
	classes = {
	};
	objectVersion = 46;
	objects = {

/* Begin PBXBuildFile section */
		0F6390561D25604B007D4AEC /* RegisterScene.swift in Sources */ = {isa = PBXBuildFile; fileRef = 0F6390551D25604B007D4AEC /* RegisterScene.swift */; };
		0F6390581D2562ED007D4AEC /* RegisterViewController.swift in Sources */ = {isa = PBXBuildFile; fileRef = 0F6390571D2562ED007D4AEC /* RegisterViewController.swift */; };
		0F6390EE1D27FCC5007D4AEC /* SocketMgr.swift in Sources */ = {isa = PBXBuildFile; fileRef = 0F6390ED1D27FCC5007D4AEC /* SocketMgr.swift */; };
		0F6390F01D28F2D7007D4AEC /* GameMgr.swift in Sources */ = {isa = PBXBuildFile; fileRef = 0F6390EF1D28F2D7007D4AEC /* GameMgr.swift */; };
		0FC5BC061D22BE04007D10A3 /* PlayerListScene.swift in Sources */ = {isa = PBXBuildFile; fileRef = 0FC5BC051D22BE04007D10A3 /* PlayerListScene.swift */; };
		0FF3B7091D30894100AF9B2F /* PlayerListViewController.swift in Sources */ = {isa = PBXBuildFile; fileRef = 0FF3B7081D30894100AF9B2F /* PlayerListViewController.swift */; };
		0FF3B70B1D313E2F00AF9B2F /* GameListViewController.swift in Sources */ = {isa = PBXBuildFile; fileRef = 0FF3B70A1D313E2F00AF9B2F /* GameListViewController.swift */; };
		399879CB1D226C57000331C6 /* AppDelegate.swift in Sources */ = {isa = PBXBuildFile; fileRef = 399879CA1D226C57000331C6 /* AppDelegate.swift */; };
		399879CD1D226C57000331C6 /* GameScene.sks in Resources */ = {isa = PBXBuildFile; fileRef = 399879CC1D226C57000331C6 /* GameScene.sks */; };
		399879CF1D226C57000331C6 /* LoadingScene.swift in Sources */ = {isa = PBXBuildFile; fileRef = 399879CE1D226C57000331C6 /* LoadingScene.swift */; };
		399879D11D226C57000331C6 /* GameViewController.swift in Sources */ = {isa = PBXBuildFile; fileRef = 399879D01D226C57000331C6 /* GameViewController.swift */; };
		399879D41D226C57000331C6 /* Main.storyboard in Resources */ = {isa = PBXBuildFile; fileRef = 399879D21D226C57000331C6 /* Main.storyboard */; };
		399879D61D226C57000331C6 /* Assets.xcassets in Resources */ = {isa = PBXBuildFile; fileRef = 399879D51D226C57000331C6 /* Assets.xcassets */; };
		399879D91D226C57000331C6 /* LaunchScreen.storyboard in Resources */ = {isa = PBXBuildFile; fileRef = 399879D71D226C57000331C6 /* LaunchScreen.storyboard */; };
		39987A181D227D0B000331C6 /* ysocket.swift in Sources */ = {isa = PBXBuildFile; fileRef = 39987A131D227D0B000331C6 /* ysocket.swift */; };
		39987A191D227D0B000331C6 /* ytcpsocket.c in Sources */ = {isa = PBXBuildFile; fileRef = 39987A141D227D0B000331C6 /* ytcpsocket.c */; };
		39987A1A1D227D0B000331C6 /* ytcpsocket.swift in Sources */ = {isa = PBXBuildFile; fileRef = 39987A151D227D0B000331C6 /* ytcpsocket.swift */; };
		39987A1B1D227D0B000331C6 /* yudpsocket.c in Sources */ = {isa = PBXBuildFile; fileRef = 39987A161D227D0B000331C6 /* yudpsocket.c */; };
		39987A1C1D227D0B000331C6 /* yudpsocket.swift in Sources */ = {isa = PBXBuildFile; fileRef = 39987A171D227D0B000331C6 /* yudpsocket.swift */; };
		39BAC22D1D25245C003ABF99 /* SockEvent.swift in Sources */ = {isa = PBXBuildFile; fileRef = 39BAC22C1D25245C003ABF99 /* SockEvent.swift */; };
/* End PBXBuildFile section */

/* Begin PBXFileReference section */
		0F6390551D25604B007D4AEC /* RegisterScene.swift */ = {isa = PBXFileReference; fileEncoding = 4; lastKnownFileType = sourcecode.swift; path = RegisterScene.swift; sourceTree = "<group>"; };
		0F6390571D2562ED007D4AEC /* RegisterViewController.swift */ = {isa = PBXFileReference; fileEncoding = 4; lastKnownFileType = sourcecode.swift; path = RegisterViewController.swift; sourceTree = "<group>"; };
		0F6390ED1D27FCC5007D4AEC /* SocketMgr.swift */ = {isa = PBXFileReference; fileEncoding = 4; lastKnownFileType = sourcecode.swift; path = SocketMgr.swift; sourceTree = "<group>"; };
		0F6390EF1D28F2D7007D4AEC /* GameMgr.swift */ = {isa = PBXFileReference; fileEncoding = 4; lastKnownFileType = sourcecode.swift; path = GameMgr.swift; sourceTree = "<group>"; };
		0FC5BC051D22BE04007D10A3 /* PlayerListScene.swift */ = {isa = PBXFileReference; fileEncoding = 4; lastKnownFileType = sourcecode.swift; path = PlayerListScene.swift; sourceTree = "<group>"; };
		0FF3B7081D30894100AF9B2F /* PlayerListViewController.swift */ = {isa = PBXFileReference; fileEncoding = 4; lastKnownFileType = sourcecode.swift; path = PlayerListViewController.swift; sourceTree = "<group>"; };
		0FF3B70A1D313E2F00AF9B2F /* GameListViewController.swift */ = {isa = PBXFileReference; fileEncoding = 4; lastKnownFileType = sourcecode.swift; path = GameListViewController.swift; sourceTree = "<group>"; };
		399879C71D226C57000331C6 /* SuperBrain.app */ = {isa = PBXFileReference; explicitFileType = wrapper.application; includeInIndex = 0; path = SuperBrain.app; sourceTree = BUILT_PRODUCTS_DIR; };
		399879CA1D226C57000331C6 /* AppDelegate.swift */ = {isa = PBXFileReference; lastKnownFileType = sourcecode.swift; path = AppDelegate.swift; sourceTree = "<group>"; };
		399879CC1D226C57000331C6 /* GameScene.sks */ = {isa = PBXFileReference; lastKnownFileType = file.sks; path = GameScene.sks; sourceTree = "<group>"; };
		399879CE1D226C57000331C6 /* LoadingScene.swift */ = {isa = PBXFileReference; lastKnownFileType = sourcecode.swift; path = LoadingScene.swift; sourceTree = "<group>"; };
		399879D01D226C57000331C6 /* GameViewController.swift */ = {isa = PBXFileReference; lastKnownFileType = sourcecode.swift; path = GameViewController.swift; sourceTree = "<group>"; };
		399879D31D226C57000331C6 /* Base */ = {isa = PBXFileReference; lastKnownFileType = file.storyboard; name = Base; path = Base.lproj/Main.storyboard; sourceTree = "<group>"; };
		399879D51D226C57000331C6 /* Assets.xcassets */ = {isa = PBXFileReference; lastKnownFileType = folder.assetcatalog; path = Assets.xcassets; sourceTree = "<group>"; };
		399879D81D226C57000331C6 /* Base */ = {isa = PBXFileReference; lastKnownFileType = file.storyboard; name = Base; path = Base.lproj/LaunchScreen.storyboard; sourceTree = "<group>"; };
		399879DA1D226C57000331C6 /* Info.plist */ = {isa = PBXFileReference; lastKnownFileType = text.plist.xml; path = Info.plist; sourceTree = "<group>"; };
		39987A131D227D0B000331C6 /* ysocket.swift */ = {isa = PBXFileReference; fileEncoding = 4; lastKnownFileType = sourcecode.swift; path = ysocket.swift; sourceTree = "<group>"; };
		39987A141D227D0B000331C6 /* ytcpsocket.c */ = {isa = PBXFileReference; fileEncoding = 4; lastKnownFileType = sourcecode.c.c; path = ytcpsocket.c; sourceTree = "<group>"; };
		39987A151D227D0B000331C6 /* ytcpsocket.swift */ = {isa = PBXFileReference; fileEncoding = 4; lastKnownFileType = sourcecode.swift; path = ytcpsocket.swift; sourceTree = "<group>"; };
		39987A161D227D0B000331C6 /* yudpsocket.c */ = {isa = PBXFileReference; fileEncoding = 4; lastKnownFileType = sourcecode.c.c; path = yudpsocket.c; sourceTree = "<group>"; };
		39987A171D227D0B000331C6 /* yudpsocket.swift */ = {isa = PBXFileReference; fileEncoding = 4; lastKnownFileType = sourcecode.swift; path = yudpsocket.swift; sourceTree = "<group>"; };
		39BAC22C1D25245C003ABF99 /* SockEvent.swift */ = {isa = PBXFileReference; fileEncoding = 4; lastKnownFileType = sourcecode.swift; path = SockEvent.swift; sourceTree = "<group>"; };
/* End PBXFileReference section */

/* Begin PBXFrameworksBuildPhase section */
		399879C41D226C57000331C6 /* Frameworks */ = {
			isa = PBXFrameworksBuildPhase;
			buildActionMask = 2147483647;
			files = (
			);
			runOnlyForDeploymentPostprocessing = 0;
		};
/* End PBXFrameworksBuildPhase section */

/* Begin PBXGroup section */
		399879BE1D226C57000331C6 = {
			isa = PBXGroup;
			children = (
				399879C91D226C57000331C6 /* SuperBrain */,
				399879C81D226C57000331C6 /* Products */,
			);
			sourceTree = "<group>";
		};
		399879C81D226C57000331C6 /* Products */ = {
			isa = PBXGroup;
			children = (
				399879C71D226C57000331C6 /* SuperBrain.app */,
			);
			name = Products;
			sourceTree = "<group>";
		};
		399879C91D226C57000331C6 /* SuperBrain */ = {
			isa = PBXGroup;
			children = (
				39987A121D227D0B000331C6 /* ysocket */,
				399879CA1D226C57000331C6 /* AppDelegate.swift */,
				399879CC1D226C57000331C6 /* GameScene.sks */,
				399879CE1D226C57000331C6 /* LoadingScene.swift */,
				399879D01D226C57000331C6 /* GameViewController.swift */,
				399879D21D226C57000331C6 /* Main.storyboard */,
				0FF3B70A1D313E2F00AF9B2F /* GameListViewController.swift */,
				399879D51D226C57000331C6 /* Assets.xcassets */,
				399879D71D226C57000331C6 /* LaunchScreen.storyboard */,
				399879DA1D226C57000331C6 /* Info.plist */,
				0FC5BC051D22BE04007D10A3 /* PlayerListScene.swift */,
				39BAC22C1D25245C003ABF99 /* SockEvent.swift */,
				0F6390551D25604B007D4AEC /* RegisterScene.swift */,
				0F6390571D2562ED007D4AEC /* RegisterViewController.swift */,
				0F6390ED1D27FCC5007D4AEC /* SocketMgr.swift */,
				0F6390EF1D28F2D7007D4AEC /* GameMgr.swift */,
				0FF3B7081D30894100AF9B2F /* PlayerListViewController.swift */,
			);
			path = SuperBrain;
			sourceTree = "<group>";
		};
		39987A121D227D0B000331C6 /* ysocket */ = {
			isa = PBXGroup;
			children = (
				39987A131D227D0B000331C6 /* ysocket.swift */,
				39987A141D227D0B000331C6 /* ytcpsocket.c */,
				39987A151D227D0B000331C6 /* ytcpsocket.swift */,
				39987A161D227D0B000331C6 /* yudpsocket.c */,
				39987A171D227D0B000331C6 /* yudpsocket.swift */,
			);
			path = ysocket;
			sourceTree = "<group>";
		};
/* End PBXGroup section */

/* Begin PBXNativeTarget section */
		399879C61D226C57000331C6 /* SuperBrain */ = {
			isa = PBXNativeTarget;
			buildConfigurationList = 399879DD1D226C57000331C6 /* Build configuration list for PBXNativeTarget "SuperBrain" */;
			buildPhases = (
				399879C31D226C57000331C6 /* Sources */,
				399879C41D226C57000331C6 /* Frameworks */,
				399879C51D226C57000331C6 /* Resources */,
			);
			buildRules = (
			);
			dependencies = (
			);
			name = SuperBrain;
			productName = SuperBrain;
			productReference = 399879C71D226C57000331C6 /* SuperBrain.app */;
			productType = "com.apple.product-type.application";
		};
/* End PBXNativeTarget section */

/* Begin PBXProject section */
		399879BF1D226C57000331C6 /* Project object */ = {
			isa = PBXProject;
			attributes = {
				LastSwiftUpdateCheck = 0730;
				LastUpgradeCheck = 0730;
				ORGANIZATIONNAME = cynhard;
				TargetAttributes = {
					399879C61D226C57000331C6 = {
						CreatedOnToolsVersion = 7.3;
						DevelopmentTeam = J2WFJ83T65;
					};
				};
			};
			buildConfigurationList = 399879C21D226C57000331C6 /* Build configuration list for PBXProject "SuperBrain" */;
			compatibilityVersion = "Xcode 3.2";
			developmentRegion = English;
			hasScannedForEncodings = 0;
			knownRegions = (
				en,
				Base,
			);
			mainGroup = 399879BE1D226C57000331C6;
			productRefGroup = 399879C81D226C57000331C6 /* Products */;
			projectDirPath = "";
			projectRoot = "";
			targets = (
				399879C61D226C57000331C6 /* SuperBrain */,
			);
		};
/* End PBXProject section */

/* Begin PBXResourcesBuildPhase section */
		399879C51D226C57000331C6 /* Resources */ = {
			isa = PBXResourcesBuildPhase;
			buildActionMask = 2147483647;
			files = (
				399879CD1D226C57000331C6 /* GameScene.sks in Resources */,
				399879D91D226C57000331C6 /* LaunchScreen.storyboard in Resources */,
				399879D61D226C57000331C6 /* Assets.xcassets in Resources */,
				399879D41D226C57000331C6 /* Main.storyboard in Resources */,
			);
			runOnlyForDeploymentPostprocessing = 0;
		};
/* End PBXResourcesBuildPhase section */

/* Begin PBXSourcesBuildPhase section */
		399879C31D226C57000331C6 /* Sources */ = {
			isa = PBXSourcesBuildPhase;
			buildActionMask = 2147483647;
			files = (
				0F6390561D25604B007D4AEC /* RegisterScene.swift in Sources */,
				0F6390EE1D27FCC5007D4AEC /* SocketMgr.swift in Sources */,
				39BAC22D1D25245C003ABF99 /* SockEvent.swift in Sources */,
				39987A1A1D227D0B000331C6 /* ytcpsocket.swift in Sources */,
				0F6390581D2562ED007D4AEC /* RegisterViewController.swift in Sources */,
				399879CF1D226C57000331C6 /* LoadingScene.swift in Sources */,
				399879D11D226C57000331C6 /* GameViewController.swift in Sources */,
				0FF3B7091D30894100AF9B2F /* PlayerListViewController.swift in Sources */,
				39987A181D227D0B000331C6 /* ysocket.swift in Sources */,
				399879CB1D226C57000331C6 /* AppDelegate.swift in Sources */,
				0FC5BC061D22BE04007D10A3 /* PlayerListScene.swift in Sources */,
				39987A191D227D0B000331C6 /* ytcpsocket.c in Sources */,
				0FF3B70B1D313E2F00AF9B2F /* GameListViewController.swift in Sources */,
				39987A1C1D227D0B000331C6 /* yudpsocket.swift in Sources */,
				0F6390F01D28F2D7007D4AEC /* GameMgr.swift in Sources */,
				39987A1B1D227D0B000331C6 /* yudpsocket.c in Sources */,
			);
			runOnlyForDeploymentPostprocessing = 0;
		};
/* End PBXSourcesBuildPhase section */

/* Begin PBXVariantGroup section */
		399879D21D226C57000331C6 /* Main.storyboard */ = {
			isa = PBXVariantGroup;
			children = (
				399879D31D226C57000331C6 /* Base */,
			);
			name = Main.storyboard;
			sourceTree = "<group>";
		};
		399879D71D226C57000331C6 /* LaunchScreen.storyboard */ = {
			isa = PBXVariantGroup;
			children = (
				399879D81D226C57000331C6 /* Base */,
			);
			name = LaunchScreen.storyboard;
			sourceTree = "<group>";
		};
/* End PBXVariantGroup section */

/* Begin XCBuildConfiguration section */
		399879DB1D226C57000331C6 /* Debug */ = {
			isa = XCBuildConfiguration;
			buildSettings = {
				ALWAYS_SEARCH_USER_PATHS = NO;
				CLANG_ANALYZER_NONNULL = YES;
				CLANG_CXX_LANGUAGE_STANDARD = "gnu++0x";
				CLANG_CXX_LIBRARY = "libc++";
				CLANG_ENABLE_MODULES = YES;
				CLANG_ENABLE_OBJC_ARC = YES;
				CLANG_WARN_BOOL_CONVERSION = YES;
				CLANG_WARN_CONSTANT_CONVERSION = YES;
				CLANG_WARN_DIRECT_OBJC_ISA_USAGE = YES_ERROR;
				CLANG_WARN_EMPTY_BODY = YES;
				CLANG_WARN_ENUM_CONVERSION = YES;
				CLANG_WARN_INT_CONVERSION = YES;
				CLANG_WARN_OBJC_ROOT_CLASS = YES_ERROR;
				CLANG_WARN_UNREACHABLE_CODE = YES;
				CLANG_WARN__DUPLICATE_METHOD_MATCH = YES;
				"CODE_SIGN_IDENTITY[sdk=iphoneos*]" = "iPhone Developer";
				COPY_PHASE_STRIP = NO;
				DEBUG_INFORMATION_FORMAT = "dwarf-with-dsym";
				ENABLE_STRICT_OBJC_MSGSEND = YES;
				ENABLE_TESTABILITY = YES;
				GCC_C_LANGUAGE_STANDARD = gnu99;
				GCC_DYNAMIC_NO_PIC = NO;
				GCC_NO_COMMON_BLOCKS = YES;
				GCC_OPTIMIZATION_LEVEL = 0;
				GCC_PREPROCESSOR_DEFINITIONS = (
					"DEBUG=1",
					"$(inherited)",
				);
				GCC_WARN_64_TO_32_BIT_CONVERSION = YES;
				GCC_WARN_ABOUT_RETURN_TYPE = YES_ERROR;
				GCC_WARN_UNDECLARED_SELECTOR = YES;
				GCC_WARN_UNINITIALIZED_AUTOS = YES_AGGRESSIVE;
				GCC_WARN_UNUSED_FUNCTION = YES;
				GCC_WARN_UNUSED_VARIABLE = YES;
				IPHONEOS_DEPLOYMENT_TARGET = 9.3;
				MTL_ENABLE_DEBUG_INFO = YES;
				ONLY_ACTIVE_ARCH = YES;
				SDKROOT = iphoneos;
				SWIFT_OPTIMIZATION_LEVEL = "-Onone";
			};
			name = Debug;
		};
		399879DC1D226C57000331C6 /* Release */ = {
			isa = XCBuildConfiguration;
			buildSettings = {
				ALWAYS_SEARCH_USER_PATHS = NO;
				CLANG_ANALYZER_NONNULL = YES;
				CLANG_CXX_LANGUAGE_STANDARD = "gnu++0x";
				CLANG_CXX_LIBRARY = "libc++";
				CLANG_ENABLE_MODULES = YES;
				CLANG_ENABLE_OBJC_ARC = YES;
				CLANG_WARN_BOOL_CONVERSION = YES;
				CLANG_WARN_CONSTANT_CONVERSION = YES;
				CLANG_WARN_DIRECT_OBJC_ISA_USAGE = YES_ERROR;
				CLANG_WARN_EMPTY_BODY = YES;
				CLANG_WARN_ENUM_CONVERSION = YES;
				CLANG_WARN_INT_CONVERSION = YES;
				CLANG_WARN_OBJC_ROOT_CLASS = YES_ERROR;
				CLANG_WARN_UNREACHABLE_CODE = YES;
				CLANG_WARN__DUPLICATE_METHOD_MATCH = YES;
				"CODE_SIGN_IDENTITY[sdk=iphoneos*]" = "iPhone Developer";
				COPY_PHASE_STRIP = NO;
				DEBUG_INFORMATION_FORMAT = "dwarf-with-dsym";
				ENABLE_NS_ASSERTIONS = NO;
				ENABLE_STRICT_OBJC_MSGSEND = YES;
				GCC_C_LANGUAGE_STANDARD = gnu99;
				GCC_NO_COMMON_BLOCKS = YES;
				GCC_WARN_64_TO_32_BIT_CONVERSION = YES;
				GCC_WARN_ABOUT_RETURN_TYPE = YES_ERROR;
				GCC_WARN_UNDECLARED_SELECTOR = YES;
				GCC_WARN_UNINITIALIZED_AUTOS = YES_AGGRESSIVE;
				GCC_WARN_UNUSED_FUNCTION = YES;
				GCC_WARN_UNUSED_VARIABLE = YES;
				IPHONEOS_DEPLOYMENT_TARGET = 9.3;
				MTL_ENABLE_DEBUG_INFO = NO;
				SDKROOT = iphoneos;
				VALIDATE_PRODUCT = YES;
			};
			name = Release;
		};
		399879DE1D226C57000331C6 /* Debug */ = {
			isa = XCBuildConfiguration;
			buildSettings = {
				ASSETCATALOG_COMPILER_APPICON_NAME = AppIcon;
				CODE_SIGN_IDENTITY = "iPhone Developer: Xinyang Liu (L4RF8CV65T)";
				INFOPLIST_FILE = SuperBrain/Info.plist;
				LD_RUNPATH_SEARCH_PATHS = "$(inherited) @executable_path/Frameworks";
				PRODUCT_BUNDLE_IDENTIFIER = com.cynhard.SuperBrain;
				PRODUCT_NAME = "$(TARGET_NAME)";
				PROVISIONING_PROFILE = "c4354e93-6a1a-4389-b5d0-d9e2482d9bce";
				TARGETED_DEVICE_FAMILY = "1,2";
			};
			name = Debug;
		};
		399879DF1D226C57000331C6 /* Release */ = {
			isa = XCBuildConfiguration;
			buildSettings = {
				ASSETCATALOG_COMPILER_APPICON_NAME = AppIcon;
				CODE_SIGN_IDENTITY = "iPhone Developer: Xinyang Liu (L4RF8CV65T)";
				INFOPLIST_FILE = SuperBrain/Info.plist;
				LD_RUNPATH_SEARCH_PATHS = "$(inherited) @executable_path/Frameworks";
				PRODUCT_BUNDLE_IDENTIFIER = com.cynhard.SuperBrain;
				PRODUCT_NAME = "$(TARGET_NAME)";
				PROVISIONING_PROFILE = "c4354e93-6a1a-4389-b5d0-d9e2482d9bce";
				TARGETED_DEVICE_FAMILY = "1,2";
			};
			name = Release;
		};
/* End XCBuildConfiguration section */

/* Begin XCConfigurationList section */
		399879C21D226C57000331C6 /* Build configuration list for PBXProject "SuperBrain" */ = {
			isa = XCConfigurationList;
			buildConfigurations = (
				399879DB1D226C57000331C6 /* Debug */,
				399879DC1D226C57000331C6 /* Release */,
			);
			defaultConfigurationIsVisible = 0;
			defaultConfigurationName = Release;
		};
		399879DD1D226C57000331C6 /* Build configuration list for PBXNativeTarget "SuperBrain" */ = {
			isa = XCConfigurationList;
			buildConfigurations = (
				399879DE1D226C57000331C6 /* Debug */,
				399879DF1D226C57000331C6 /* Release */,
			);
			defaultConfigurationIsVisible = 0;
			defaultConfigurationName = Release;
		};
/* End XCConfigurationList section */
	};
	rootObject = 399879BF1D226C57000331C6 /* Project object */;
}
